{
  "pins" : [
    {
      "identity" : "capacitor-swift-pm",
      "kind" : "remoteSourceControl",
      "location" : "https://github.com/ionic-team/capacitor-swift-pm.git",
      "state" : {
        "branch" : "main",
        "revision" : "272e5dcd26260c6f3798b024c9cb3ffa52850ec7"
      }
    },
    {
      "identity" : "releasebird-ios-sdk",
      "kind" : "remoteSourceControl",
      "location" : "https://github.com/bxt-team/releasebird-ios-sdk.git",
      "state" : {
        "revision" : "70fd754dbb201aeeef9520d0b88c0807d3810b0e",
        "version" : "1.0.15"
      }
    }
  ],
  "version" : 2
}
