{
  "pins" : [
    {
      "identity" : "capacitor-swift-pm",
      "kind" : "remoteSourceControl",
      "location" : "https://github.com/ionic-team/capacitor-swift-pm.git",
      "state" : {
        "branch" : "main",
        "revision" : "272e5dcd26260c6f3798b024c9cb3ffa52850ec7"
      }
    },
    {
      "identity" : "releasebird-ios-sdk",
      "kind" : "remoteSourceControl",
      "location" : "https://github.com/bxt-team/releasebird-ios-sdk.git",
      "state" : {
        "revision" : "b7a1e81dff1d0f9d123998e6805f529783406193",
        "version" : "1.0.14"
      }
    }
  ],
  "version" : 2
}
